
Microsoft Visual Studio Solution File, Format Version 12.00
# Visual Studio 15
VisualStudioVersion = 15.0.28307.1062
MinimumVisualStudioVersion = 10.0.40219.1
Project("{E24C65DC-7377-472B-9ABA-BC803B73C61A}") = "Agendamento", "Agendamento\", "{8A1206DA-10CE-4B13-8CFC-72E282E2399B}"
	ProjectSection(WebsiteProperties) = preProject
		TargetFrameworkMoniker = ".NETFramework,Version%3Dv4.0"
		Debug.AspNetCompiler.VirtualPath = "/localhost_60530"
		Debug.AspNetCompiler.PhysicalPath = "Agendamento\"
		Debug.AspNetCompiler.TargetPath = "PrecompiledWeb\localhost_60530\"
		Debug.AspNetCompiler.Updateable = "true"
		Debug.AspNetCompiler.ForceOverwrite = "true"
		Debug.AspNetCompiler.FixedNames = "false"
		Debug.AspNetCompiler.Debug = "True"
		Release.AspNetCompiler.VirtualPath = "/localhost_60530"
		Release.AspNetCompiler.PhysicalPath = "Agendamento\"
		Release.AspNetCompiler.TargetPath = "PrecompiledWeb\localhost_60530\"
		Release.AspNetCompiler.Updateable = "true"
		Release.AspNetCompiler.ForceOverwrite = "true"
		Release.AspNetCompiler.FixedNames = "false"
		Release.AspNetCompiler.Debug = "False"
		VWDPort = "60530"
		SlnRelativePath = "Agendamento\"
		DefaultWebSiteLanguage = "Visual C#"
	EndProjectSection
EndProject
Global
	GlobalSection(SolutionConfigurationPlatforms) = preSolution
		Debug|Any CPU = Debug|Any CPU
	EndGlobalSection
	GlobalSection(ProjectConfigurationPlatforms) = postSolution
		{8A1206DA-10CE-4B13-8CFC-72E282E2399B}.Debug|Any CPU.ActiveCfg = Debug|Any CPU
		{8A1206DA-10CE-4B13-8CFC-72E282E2399B}.Debug|Any CPU.Build.0 = Debug|Any CPU
	EndGlobalSection
	GlobalSection(SolutionProperties) = preSolution
		HideSolutionNode = FALSE
	EndGlobalSection
	GlobalSection(ExtensibilityGlobals) = postSolution
		SolutionGuid = {F983DC14-E642-45BA-8693-7014250EC0C6}
	EndGlobalSection
EndGlobal
